
Microsoft Visual Studio Solution File, Format Version 12.00
# Visual Studio Version 16
VisualStudioVersion = 16.0.31129.286
MinimumVisualStudioVersion = 10.0.40219.1
Project("{159641D6-6404-4A2A-AE62-294DE0FE8301}") = "vidMoreTechB.30", "vidMoreTechB.30\vidMoreTechB.30.dtproj", "{BDD39348-BCBF-40D6-BFBC-00DB733E5115}"
EndProject
Global
	GlobalSection(SolutionConfigurationPlatforms) = preSolution
		Development|Default = Development|Default
	EndGlobalSection
	GlobalSection(ProjectConfigurationPlatforms) = postSolution
		{BDD39348-BCBF-40D6-BFBC-00DB733E5115}.Development|Default.ActiveCfg = Development
		{BDD39348-BCBF-40D6-BFBC-00DB733E5115}.Development|Default.Build.0 = Development
	EndGlobalSection
	GlobalSection(SolutionProperties) = preSolution
		HideSolutionNode = FALSE
	EndGlobalSection
	GlobalSection(ExtensibilityGlobals) = postSolution
		SolutionGuid = {0E0ECE39-C3A9-4944-8692-D1B827B1EC5E}
	EndGlobalSection
EndGlobal
