
Microsoft Visual Studio Solution File, Format Version 12.00
# Visual Studio Version 16
VisualStudioVersion = 16.0.31129.286
MinimumVisualStudioVersion = 10.0.40219.1
Project("{159641D6-6404-4A2A-AE62-294DE0FE8301}") = "Tech brothers More68", "Tech brothers More68\Tech brothers More68.dtproj", "{1546BE27-EC56-4ED9-B96B-E657E7A4551A}"
EndProject
Global
	GlobalSection(SolutionConfigurationPlatforms) = preSolution
		Development|Default = Development|Default
	EndGlobalSection
	GlobalSection(ProjectConfigurationPlatforms) = postSolution
		{1546BE27-EC56-4ED9-B96B-E657E7A4551A}.Development|Default.ActiveCfg = Development
		{1546BE27-EC56-4ED9-B96B-E657E7A4551A}.Development|Default.Build.0 = Development
	EndGlobalSection
	GlobalSection(SolutionProperties) = preSolution
		HideSolutionNode = FALSE
	EndGlobalSection
	GlobalSection(ExtensibilityGlobals) = postSolution
		SolutionGuid = {1107231B-4B42-4472-85D0-8D67AFAC6326}
	EndGlobalSection
EndGlobal
